
Microsoft Visual Studio Solution File, Format Version 12.00
# Visual Studio Version 16
VisualStudioVersion = 16.0.31911.196
MinimumVisualStudioVersion = 10.0.40219.1
Project("{FAE04EC0-301F-11D3-BF4B-00C04F79EFBC}") = "Pavestone", "Pavestone\Pavestone.csproj", "{090DFE11-2518-46F2-B974-698D542D2589}"
EndProject
Global
	GlobalSection(SolutionConfigurationPlatforms) = preSolution
		Debug|Any CPU = Debug|Any CPU
		Release|Any CPU = Release|Any CPU
	EndGlobalSection
	GlobalSection(ProjectConfigurationPlatforms) = postSolution
		{090DFE11-2518-46F2-B974-698D542D2589}.Debug|Any CPU.ActiveCfg = Debug|Any CPU
		{090DFE11-2518-46F2-B974-698D542D2589}.Debug|Any CPU.Build.0 = Debug|Any CPU
		{090DFE11-2518-46F2-B974-698D542D2589}.Release|Any CPU.ActiveCfg = Release|Any CPU
		{090DFE11-2518-46F2-B974-698D542D2589}.Release|Any CPU.Build.0 = Release|Any CPU
	EndGlobalSection
	GlobalSection(SolutionProperties) = preSolution
		HideSolutionNode = FALSE
	EndGlobalSection
	GlobalSection(ExtensibilityGlobals) = postSolution
		SolutionGuid = {1E4407A2-FF39-4DD4-AE62-CE5B52F30D84}
	EndGlobalSection
EndGlobal
